
Microsoft Visual Studio Solution File, Format Version 12.00
# Visual Studio Version 16
VisualStudioVersion = 16.0.810.8
MinimumVisualStudioVersion = 10.0.40219.1
Project("{FAE04EC0-301F-11D3-BF4B-00C04F79EFBC}") = "CardShuffler", "CardShuffler\CardShuffler.csproj", "{0D69B37C-B320-4F7D-9E0B-6F849AE6DA8F}"
EndProject
Global
	GlobalSection(SolutionConfigurationPlatforms) = preSolution
		Debug|Any CPU = Debug|Any CPU
		Release|Any CPU = Release|Any CPU
	EndGlobalSection
	GlobalSection(ProjectConfigurationPlatforms) = postSolution
		{0D69B37C-B320-4F7D-9E0B-6F849AE6DA8F}.Debug|Any CPU.ActiveCfg = Debug|Any CPU
		{0D69B37C-B320-4F7D-9E0B-6F849AE6DA8F}.Debug|Any CPU.Build.0 = Debug|Any CPU
		{0D69B37C-B320-4F7D-9E0B-6F849AE6DA8F}.Release|Any CPU.ActiveCfg = Release|Any CPU
		{0D69B37C-B320-4F7D-9E0B-6F849AE6DA8F}.Release|Any CPU.Build.0 = Release|Any CPU
	EndGlobalSection
	GlobalSection(SolutionProperties) = preSolution
		HideSolutionNode = FALSE
	EndGlobalSection
	GlobalSection(ExtensibilityGlobals) = postSolution
		SolutionGuid = {7F943F46-19B2-4453-BFB8-EE71954779FA}
	EndGlobalSection
EndGlobal
